
Microsoft Visual Studio Solution File, Format Version 12.00
# Visual Studio Version 16
VisualStudioVersion = 16.0.30717.126
MinimumVisualStudioVersion = 10.0.40219.1
Project("{FAE04EC0-301F-11D3-BF4B-00C04F79EFBC}") = "SampleWebApp", "SampleWebApp\SampleWebApp.csproj", "{30896B37-3442-4ABA-BFFB-921DBFCBA156}"
EndProject
Global
	GlobalSection(SolutionConfigurationPlatforms) = preSolution
		Debug|Any CPU = Debug|Any CPU
		Release|Any CPU = Release|Any CPU
	EndGlobalSection
	GlobalSection(ProjectConfigurationPlatforms) = postSolution
		{30896B37-3442-4ABA-BFFB-921DBFCBA156}.Debug|Any CPU.ActiveCfg = Debug|Any CPU
		{30896B37-3442-4ABA-BFFB-921DBFCBA156}.Debug|Any CPU.Build.0 = Debug|Any CPU
		{30896B37-3442-4ABA-BFFB-921DBFCBA156}.Release|Any CPU.ActiveCfg = Release|Any CPU
		{30896B37-3442-4ABA-BFFB-921DBFCBA156}.Release|Any CPU.Build.0 = Release|Any CPU
	EndGlobalSection
	GlobalSection(SolutionProperties) = preSolution
		HideSolutionNode = FALSE
	EndGlobalSection
	GlobalSection(ExtensibilityGlobals) = postSolution
		SolutionGuid = {5296F813-2669-449E-A3A7-7CA9A88BD660}
	EndGlobalSection
EndGlobal
